// !$*UTF8*$!
{
	archiveVersion = 1;
	classes = {
	};
	objectVersion = 60;
	objects = {

/* Begin PBXBuildFile section */
		A00000000000000000000101 /* IOSPetApp.swift in Sources */ = {isa = PBXBuildFile; fileRef = A00000000000000000000011 /* IOSPetApp.swift */; };
		A00000000000000000000102 /* PetViewModel.swift in Sources */ = {isa = PBXBuildFile; fileRef = A00000000000000000000012 /* PetViewModel.swift */; };
		A00000000000000000000103 /* LiveActivityManager.swift in Sources */ = {isa = PBXBuildFile; fileRef = A00000000000000000000013 /* LiveActivityManager.swift */; };
		A00000000000000000000104 /* OnboardingView.swift in Sources */ = {isa = PBXBuildFile; fileRef = A00000000000000000000014 /* OnboardingView.swift */; };
		A00000000000000000000105 /* PetHomeView.swift in Sources */ = {isa = PBXBuildFile; fileRef = A00000000000000000000015 /* PetHomeView.swift */; };
		A00000000000000000000111 /* Pet.swift in Sources */ = {isa = PBXBuildFile; fileRef = A00000000000000000000021 /* Pet.swift */; };
		A00000000000000000000112 /* PetState.swift in Sources */ = {isa = PBXBuildFile; fileRef = A00000000000000000000022 /* PetState.swift */; };
		A00000000000000000000113 /* PetRulesEngine.swift in Sources */ = {isa = PBXBuildFile; fileRef = A00000000000000000000023 /* PetRulesEngine.swift */; };
		A00000000000000000000114 /* PetStateStore.swift in Sources */ = {isa = PBXBuildFile; fileRef = A00000000000000000000024 /* PetStateStore.swift */; };
		A00000000000000000000115 /* PetActivityAttributes.swift in Sources */ = {isa = PBXBuildFile; fileRef = A00000000000000000000025 /* PetActivityAttributes.swift */; };
		A00000000000000000000121 /* PetWidgetsBundle.swift in Sources */ = {isa = PBXBuildFile; fileRef = A00000000000000000000031 /* PetWidgetsBundle.swift */; };
		A00000000000000000000122 /* PetWidget.swift in Sources */ = {isa = PBXBuildFile; fileRef = A00000000000000000000032 /* PetWidget.swift */; };
		A00000000000000000000123 /* PetIntents.swift in Sources */ = {isa = PBXBuildFile; fileRef = A00000000000000000000033 /* PetIntents.swift */; };
		A00000000000000000000124 /* PetLiveActivity.swift in Sources */ = {isa = PBXBuildFile; fileRef = A00000000000000000000034 /* PetLiveActivity.swift */; };
		A00000000000000000000131 /* Pet.swift in Sources */ = {isa = PBXBuildFile; fileRef = A00000000000000000000021 /* Pet.swift */; };
		A00000000000000000000132 /* PetState.swift in Sources */ = {isa = PBXBuildFile; fileRef = A00000000000000000000022 /* PetState.swift */; };
		A00000000000000000000133 /* PetRulesEngine.swift in Sources */ = {isa = PBXBuildFile; fileRef = A00000000000000000000023 /* PetRulesEngine.swift */; };
		A00000000000000000000134 /* PetStateStore.swift in Sources */ = {isa = PBXBuildFile; fileRef = A00000000000000000000024 /* PetStateStore.swift */; };
		A00000000000000000000135 /* PetActivityAttributes.swift in Sources */ = {isa = PBXBuildFile; fileRef = A00000000000000000000025 /* PetActivityAttributes.swift */; };
		A00000000000000000000140 /* PetWidgets.appex in Embed Foundation Extensions */ = {isa = PBXBuildFile; fileRef = A00000000000000000000008 /* PetWidgets.appex */; settings = {ATTRIBUTES = (CodeSignOnCopy, RemoveHeadersOnCopy, ); }; };
/* End PBXBuildFile section */

/* Begin PBXContainerItemProxy section */
		A00000000000000000000091 /* PBXContainerItemProxy */ = {
			isa = PBXContainerItemProxy;
			containerPortal = A00000000000000000000001 /* Project object */;
			proxyType = 1;
			remoteGlobalIDString = A00000000000000000000061;
			remoteInfo = PetWidgets;
		};
/* End PBXContainerItemProxy section */

/* Begin PBXCopyFilesBuildPhase section */
		A00000000000000000000056 /* Embed Foundation Extensions */ = {
			isa = PBXCopyFilesBuildPhase;
			buildActionMask = 2147483647;
			dstPath = "";
			dstSubfolderSpec = 13;
			files = (
				A00000000000000000000140 /* PetWidgets.appex in Embed Foundation Extensions */,
			);
			name = "Embed Foundation Extensions";
			runOnlyForDeploymentPostprocessing = 0;
		};
/* End PBXCopyFilesBuildPhase section */

/* Begin PBXFileReference section */
		A00000000000000000000007 /* IOSPet.app */ = {isa = PBXFileReference; explicitFileType = wrapper.application; includeInIndex = 0; path = IOSPet.app; sourceTree = BUILT_PRODUCTS_DIR; };
		A00000000000000000000008 /* PetWidgets.appex */ = {isa = PBXFileReference; explicitFileType = "wrapper.app-extension"; includeInIndex = 0; path = PetWidgets.appex; sourceTree = BUILT_PRODUCTS_DIR; };
		A00000000000000000000011 /* IOSPetApp.swift */ = {isa = PBXFileReference; lastKnownFileType = sourcecode.swift; path = IOSPetApp.swift; sourceTree = "<group>"; };
		A00000000000000000000012 /* PetViewModel.swift */ = {isa = PBXFileReference; lastKnownFileType = sourcecode.swift; path = PetViewModel.swift; sourceTree = "<group>"; };
		A00000000000000000000013 /* LiveActivityManager.swift */ = {isa = PBXFileReference; lastKnownFileType = sourcecode.swift; path = LiveActivityManager.swift; sourceTree = "<group>"; };
		A00000000000000000000014 /* OnboardingView.swift */ = {isa = PBXFileReference; lastKnownFileType = sourcecode.swift; path = OnboardingView.swift; sourceTree = "<group>"; };
		A00000000000000000000015 /* PetHomeView.swift */ = {isa = PBXFileReference; lastKnownFileType = sourcecode.swift; path = PetHomeView.swift; sourceTree = "<group>"; };
		A00000000000000000000016 /* Info.plist */ = {isa = PBXFileReference; lastKnownFileType = text.plist.xml; path = Info.plist; sourceTree = "<group>"; };
		A00000000000000000000017 /* IOSPet.entitlements */ = {isa = PBXFileReference; lastKnownFileType = text.plist.entitlements; path = IOSPet.entitlements; sourceTree = "<group>"; };
		A00000000000000000000021 /* Pet.swift */ = {isa = PBXFileReference; lastKnownFileType = sourcecode.swift; path = Pet.swift; sourceTree = "<group>"; };
		A00000000000000000000022 /* PetState.swift */ = {isa = PBXFileReference; lastKnownFileType = sourcecode.swift; path = PetState.swift; sourceTree = "<group>"; };
		A00000000000000000000023 /* PetRulesEngine.swift */ = {isa = PBXFileReference; lastKnownFileType = sourcecode.swift; path = PetRulesEngine.swift; sourceTree = "<group>"; };
		A00000000000000000000024 /* PetStateStore.swift */ = {isa = PBXFileReference; lastKnownFileType = sourcecode.swift; path = PetStateStore.swift; sourceTree = "<group>"; };
		A00000000000000000000025 /* PetActivityAttributes.swift */ = {isa = PBXFileReference; lastKnownFileType = sourcecode.swift; path = PetActivityAttributes.swift; sourceTree = "<group>"; };
		A00000000000000000000031 /* PetWidgetsBundle.swift */ = {isa = PBXFileReference; lastKnownFileType = sourcecode.swift; path = PetWidgetsBundle.swift; sourceTree = "<group>"; };
		A00000000000000000000032 /* PetWidget.swift */ = {isa = PBXFileReference; lastKnownFileType = sourcecode.swift; path = PetWidget.swift; sourceTree = "<group>"; };
		A00000000000000000000033 /* PetIntents.swift */ = {isa = PBXFileReference; lastKnownFileType = sourcecode.swift; path = PetIntents.swift; sourceTree = "<group>"; };
		A00000000000000000000034 /* PetLiveActivity.swift */ = {isa = PBXFileReference; lastKnownFileType = sourcecode.swift; path = PetLiveActivity.swift; sourceTree = "<group>"; };
		A00000000000000000000035 /* Info.plist */ = {isa = PBXFileReference; lastKnownFileType = text.plist.xml; path = Info.plist; sourceTree = "<group>"; };
		A00000000000000000000036 /* PetWidgets.entitlements */ = {isa = PBXFileReference; lastKnownFileType = text.plist.entitlements; path = PetWidgets.entitlements; sourceTree = "<group>"; };
		A00000000000000000000041 /* Package.swift */ = {isa = PBXFileReference; lastKnownFileType = sourcecode.swift; path = Package.swift; sourceTree = "<group>"; };
/* End PBXFileReference section */

/* Begin PBXFrameworksBuildPhase section */
		A00000000000000000000052 /* Frameworks */ = {isa = PBXFrameworksBuildPhase; buildActionMask = 2147483647; files = (); runOnlyForDeploymentPostprocessing = 0; };
		A00000000000000000000053 /* Frameworks */ = {isa = PBXFrameworksBuildPhase; buildActionMask = 2147483647; files = (); runOnlyForDeploymentPostprocessing = 0; };
/* End PBXFrameworksBuildPhase section */

/* Begin PBXGroup section */
		A00000000000000000000002 = {
			isa = PBXGroup;
			children = (
				A00000000000000000000004 /* IOSPet */,
				A00000000000000000000005 /* Shared */,
				A00000000000000000000006 /* PetWidgets */,
				A00000000000000000000041 /* Package.swift */,
				A00000000000000000000003 /* Products */,
			);
			sourceTree = "<group>";
		};
		A00000000000000000000003 /* Products */ = {
			isa = PBXGroup;
			children = (
				A00000000000000000000007 /* IOSPet.app */,
				A00000000000000000000008 /* PetWidgets.appex */,
			);
			name = Products;
			sourceTree = "<group>";
		};
		A00000000000000000000004 /* IOSPet */ = {
			isa = PBXGroup;
			children = (
				A00000000000000000000011 /* IOSPetApp.swift */,
				A00000000000000000000012 /* PetViewModel.swift */,
				A00000000000000000000013 /* LiveActivityManager.swift */,
				A00000000000000000000014 /* OnboardingView.swift */,
				A00000000000000000000015 /* PetHomeView.swift */,
				A00000000000000000000016 /* Info.plist */,
				A00000000000000000000017 /* IOSPet.entitlements */,
			);
			path = IOSPet;
			sourceTree = "<group>";
		};
		A00000000000000000000005 /* Shared */ = {
			isa = PBXGroup;
			children = (
				A00000000000000000000021 /* Pet.swift */,
				A00000000000000000000022 /* PetState.swift */,
				A00000000000000000000023 /* PetRulesEngine.swift */,
				A00000000000000000000024 /* PetStateStore.swift */,
				A00000000000000000000025 /* PetActivityAttributes.swift */,
			);
			path = Shared;
			sourceTree = "<group>";
		};
		A00000000000000000000006 /* PetWidgets */ = {
			isa = PBXGroup;
			children = (
				A00000000000000000000031 /* PetWidgetsBundle.swift */,
				A00000000000000000000032 /* PetWidget.swift */,
				A00000000000000000000033 /* PetIntents.swift */,
				A00000000000000000000034 /* PetLiveActivity.swift */,
				A00000000000000000000035 /* Info.plist */,
				A00000000000000000000036 /* PetWidgets.entitlements */,
			);
			path = PetWidgets;
			sourceTree = "<group>";
		};
/* End PBXGroup section */

/* Begin PBXNativeTarget section */
		A00000000000000000000060 /* IOSPet */ = {
			isa = PBXNativeTarget;
			buildConfigurationList = A00000000000000000000081 /* Build configuration list for PBXNativeTarget "IOSPet" */;
			buildPhases = (
				A00000000000000000000050 /* Sources */,
				A00000000000000000000052 /* Frameworks */,
				A00000000000000000000054 /* Resources */,
				A00000000000000000000056 /* Embed Foundation Extensions */,
			);
			buildRules = ();
			dependencies = (A00000000000000000000090 /* PBXTargetDependency */,);
			name = IOSPet;
			productName = IOSPet;
			productReference = A00000000000000000000007 /* IOSPet.app */;
			productType = "com.apple.product-type.application";
		};
		A00000000000000000000061 /* PetWidgets */ = {
			isa = PBXNativeTarget;
			buildConfigurationList = A00000000000000000000082 /* Build configuration list for PBXNativeTarget "PetWidgets" */;
			buildPhases = (
				A00000000000000000000051 /* Sources */,
				A00000000000000000000053 /* Frameworks */,
				A00000000000000000000055 /* Resources */,
			);
			buildRules = ();
			dependencies = ();
			name = PetWidgets;
			productName = PetWidgets;
			productReference = A00000000000000000000008 /* PetWidgets.appex */;
			productType = "com.apple.product-type.app-extension";
		};
/* End PBXNativeTarget section */

/* Begin PBXProject section */
		A00000000000000000000001 /* Project object */ = {
			isa = PBXProject;
			attributes = {
				BuildIndependentTargetsInParallel = 1;
				LastSwiftUpdateCheck = 2600;
				LastUpgradeCheck = 2600;
				TargetAttributes = {
					A00000000000000000000060 = {CreatedOnToolsVersion = 26.0; };
					A00000000000000000000061 = {CreatedOnToolsVersion = 26.0; };
				};
			};
			buildConfigurationList = A00000000000000000000080 /* Build configuration list for PBXProject "IOS-Pet" */;
			compatibilityVersion = "Xcode 15.0";
			developmentRegion = en;
			hasScannedForEncodings = 0;
			knownRegions = (en, Base,);
			mainGroup = A00000000000000000000002;
			productRefGroup = A00000000000000000000003 /* Products */;
			projectDirPath = "";
			projectRoot = "";
			targets = (A00000000000000000000060 /* IOSPet */, A00000000000000000000061 /* PetWidgets */,);
		};
/* End PBXProject section */

/* Begin PBXResourcesBuildPhase section */
		A00000000000000000000054 /* Resources */ = {isa = PBXResourcesBuildPhase; buildActionMask = 2147483647; files = (); runOnlyForDeploymentPostprocessing = 0; };
		A00000000000000000000055 /* Resources */ = {isa = PBXResourcesBuildPhase; buildActionMask = 2147483647; files = (); runOnlyForDeploymentPostprocessing = 0; };
/* End PBXResourcesBuildPhase section */

/* Begin PBXSourcesBuildPhase section */
		A00000000000000000000050 /* Sources */ = {
			isa = PBXSourcesBuildPhase;
			buildActionMask = 2147483647;
			files = (
				A00000000000000000000101 /* IOSPetApp.swift in Sources */,
				A00000000000000000000102 /* PetViewModel.swift in Sources */,
				A00000000000000000000103 /* LiveActivityManager.swift in Sources */,
				A00000000000000000000104 /* OnboardingView.swift in Sources */,
				A00000000000000000000105 /* PetHomeView.swift in Sources */,
				A00000000000000000000111 /* Pet.swift in Sources */,
				A00000000000000000000112 /* PetState.swift in Sources */,
				A00000000000000000000113 /* PetRulesEngine.swift in Sources */,
				A00000000000000000000114 /* PetStateStore.swift in Sources */,
				A00000000000000000000115 /* PetActivityAttributes.swift in Sources */,
			);
			runOnlyForDeploymentPostprocessing = 0;
		};
		A00000000000000000000051 /* Sources */ = {
			isa = PBXSourcesBuildPhase;
			buildActionMask = 2147483647;
			files = (
				A00000000000000000000121 /* PetWidgetsBundle.swift in Sources */,
				A00000000000000000000122 /* PetWidget.swift in Sources */,
				A00000000000000000000123 /* PetIntents.swift in Sources */,
				A00000000000000000000124 /* PetLiveActivity.swift in Sources */,
				A00000000000000000000131 /* Pet.swift in Sources */,
				A00000000000000000000132 /* PetState.swift in Sources */,
				A00000000000000000000133 /* PetRulesEngine.swift in Sources */,
				A00000000000000000000134 /* PetStateStore.swift in Sources */,
				A00000000000000000000135 /* PetActivityAttributes.swift in Sources */,
			);
			runOnlyForDeploymentPostprocessing = 0;
		};
/* End PBXSourcesBuildPhase section */

/* Begin PBXTargetDependency section */
		A00000000000000000000090 /* PBXTargetDependency */ = {isa = PBXTargetDependency; target = A00000000000000000000061 /* PetWidgets */; targetProxy = A00000000000000000000091 /* PBXContainerItemProxy */; };
/* End PBXTargetDependency section */

/* Begin XCBuildConfiguration section */
		A00000000000000000000070 /* Debug */ = {
			isa = XCBuildConfiguration;
			buildSettings = {
				ALWAYS_SEARCH_USER_PATHS = NO;
				CLANG_ENABLE_MODULES = YES;
				COPY_PHASE_STRIP = NO;
				DEBUG_INFORMATION_FORMAT = dwarf;
				ENABLE_TESTABILITY = YES;
				GCC_OPTIMIZATION_LEVEL = 0;
				IPHONEOS_DEPLOYMENT_TARGET = 17.0;
				ONLY_ACTIVE_ARCH = YES;
				SDKROOT = iphoneos;
				SWIFT_ACTIVE_COMPILATION_CONDITIONS = "DEBUG $(inherited)";
				SWIFT_OPTIMIZATION_LEVEL = "-Onone";
			};
			name = Debug;
		};
		A00000000000000000000071 /* Release */ = {
			isa = XCBuildConfiguration;
			buildSettings = {
				ALWAYS_SEARCH_USER_PATHS = NO;
				CLANG_ENABLE_MODULES = YES;
				COPY_PHASE_STRIP = YES;
				DEBUG_INFORMATION_FORMAT = "dwarf-with-dsym";
				IPHONEOS_DEPLOYMENT_TARGET = 17.0;
				SDKROOT = iphoneos;
				SWIFT_COMPILATION_MODE = wholemodule;
				SWIFT_OPTIMIZATION_LEVEL = "-O";
			};
			name = Release;
		};
		A00000000000000000000072 /* Debug */ = {
			isa = XCBuildConfiguration;
			buildSettings = {
				APPLICATION_EXTENSION_API_ONLY = NO;
				CODE_SIGN_ENTITLEMENTS = IOSPet/IOSPet.entitlements;
				CODE_SIGN_STYLE = Automatic;
				CURRENT_PROJECT_VERSION = 1;
				GENERATE_INFOPLIST_FILE = NO;
				INFOPLIST_FILE = IOSPet/Info.plist;
				LD_RUNPATH_SEARCH_PATHS = "$(inherited) @executable_path/Frameworks";
				MARKETING_VERSION = 0.1;
				PRODUCT_BUNDLE_IDENTIFIER = com.bnsceo.iospet;
				PRODUCT_NAME = "$(TARGET_NAME)";
				SUPPORTED_PLATFORMS = "iphoneos iphonesimulator";
				SWIFT_EMIT_LOC_STRINGS = YES;
				SWIFT_VERSION = 6.0;
				TARGETED_DEVICE_FAMILY = 1;
			};
			name = Debug;
		};
		A00000000000000000000073 /* Release */ = {
			isa = XCBuildConfiguration;
			buildSettings = {
				APPLICATION_EXTENSION_API_ONLY = NO;
				CODE_SIGN_ENTITLEMENTS = IOSPet/IOSPet.entitlements;
				CODE_SIGN_STYLE = Automatic;
				CURRENT_PROJECT_VERSION = 1;
				GENERATE_INFOPLIST_FILE = NO;
				INFOPLIST_FILE = IOSPet/Info.plist;
				LD_RUNPATH_SEARCH_PATHS = "$(inherited) @executable_path/Frameworks";
				MARKETING_VERSION = 0.1;
				PRODUCT_BUNDLE_IDENTIFIER = com.bnsceo.iospet;
				PRODUCT_NAME = "$(TARGET_NAME)";
				SUPPORTED_PLATFORMS = "iphoneos iphonesimulator";
				SWIFT_EMIT_LOC_STRINGS = YES;
				SWIFT_VERSION = 6.0;
				TARGETED_DEVICE_FAMILY = 1;
			};
			name = Release;
		};
		A00000000000000000000074 /* Debug */ = {
			isa = XCBuildConfiguration;
			buildSettings = {
				APPLICATION_EXTENSION_API_ONLY = YES;
				CODE_SIGN_ENTITLEMENTS = PetWidgets/PetWidgets.entitlements;
				CODE_SIGN_STYLE = Automatic;
				CURRENT_PROJECT_VERSION = 1;
				GENERATE_INFOPLIST_FILE = NO;
				INFOPLIST_FILE = PetWidgets/Info.plist;
				LD_RUNPATH_SEARCH_PATHS = "$(inherited) @executable_path/Frameworks @executable_path/../../Frameworks";
				MARKETING_VERSION = 0.1;
				PRODUCT_BUNDLE_IDENTIFIER = com.bnsceo.iospet.PetWidgets;
				PRODUCT_NAME = "$(TARGET_NAME)";
				SKIP_INSTALL = YES;
				SUPPORTED_PLATFORMS = "iphoneos iphonesimulator";
				SWIFT_EMIT_LOC_STRINGS = YES;
				SWIFT_VERSION = 6.0;
				TARGETED_DEVICE_FAMILY = 1;
			};
			name = Debug;
		};
		A00000000000000000000075 /* Release */ = {
			isa = XCBuildConfiguration;
			buildSettings = {
				APPLICATION_EXTENSION_API_ONLY = YES;
				CODE_SIGN_ENTITLEMENTS = PetWidgets/PetWidgets.entitlements;
				CODE_SIGN_STYLE = Automatic;
				CURRENT_PROJECT_VERSION = 1;
				GENERATE_INFOPLIST_FILE = NO;
				INFOPLIST_FILE = PetWidgets/Info.plist;
				LD_RUNPATH_SEARCH_PATHS = "$(inherited) @executable_path/Frameworks @executable_path/../../Frameworks";
				MARKETING_VERSION = 0.1;
				PRODUCT_BUNDLE_IDENTIFIER = com.bnsceo.iospet.PetWidgets;
				PRODUCT_NAME = "$(TARGET_NAME)";
				SKIP_INSTALL = YES;
				SUPPORTED_PLATFORMS = "iphoneos iphonesimulator";
				SWIFT_EMIT_LOC_STRINGS = YES;
				SWIFT_VERSION = 6.0;
				TARGETED_DEVICE_FAMILY = 1;
			};
			name = Release;
		};
/* End XCBuildConfiguration section */

/* Begin XCConfigurationList section */
		A00000000000000000000080 /* Build configuration list for PBXProject "IOS-Pet" */ = {isa = XCConfigurationList; buildConfigurations = (A00000000000000000000070 /* Debug */, A00000000000000000000071 /* Release */,); defaultConfigurationIsVisible = 0; defaultConfigurationName = Release; };
		A00000000000000000000081 /* Build configuration list for PBXNativeTarget "IOSPet" */ = {isa = XCConfigurationList; buildConfigurations = (A00000000000000000000072 /* Debug */, A00000000000000000000073 /* Release */,); defaultConfigurationIsVisible = 0; defaultConfigurationName = Release; };
		A00000000000000000000082 /* Build configuration list for PBXNativeTarget "PetWidgets" */ = {isa = XCConfigurationList; buildConfigurations = (A00000000000000000000074 /* Debug */, A00000000000000000000075 /* Release */,); defaultConfigurationIsVisible = 0; defaultConfigurationName = Release; };
/* End XCConfigurationList section */
	};
	rootObject = A00000000000000000000001 /* Project object */;
}
